
Microsoft Visual Studio Solution File, Format Version 12.00
# Visual Studio Version 16
VisualStudioVersion = 16.0.29613.14
MinimumVisualStudioVersion = 10.0.40219.1
Project("{9A19103F-16F7-4668-BE54-9A1E7A4F7556}") = "EtechApi", "EtechApi\EtechApi.csproj", "{F8D26AE7-1217-408F-AF3E-56E581E0600F}"
EndProject
Project("{FAE04EC0-301F-11D3-BF4B-00C04F79EFBC}") = "MvcApp", "MvcApp\MvcApp.csproj", "{202EFB92-0BFC-4395-BCDD-24B2EFA8698E}"
EndProject
Global
	GlobalSection(SolutionConfigurationPlatforms) = preSolution
		Debug|Any CPU = Debug|Any CPU
		Release|Any CPU = Release|Any CPU
	EndGlobalSection
	GlobalSection(ProjectConfigurationPlatforms) = postSolution
		{F8D26AE7-1217-408F-AF3E-56E581E0600F}.Debug|Any CPU.ActiveCfg = Debug|Any CPU
		{F8D26AE7-1217-408F-AF3E-56E581E0600F}.Release|Any CPU.ActiveCfg = Release|Any CPU
		{F8D26AE7-1217-408F-AF3E-56E581E0600F}.Release|Any CPU.Build.0 = Release|Any CPU
		{202EFB92-0BFC-4395-BCDD-24B2EFA8698E}.Debug|Any CPU.ActiveCfg = Debug|Any CPU
		{202EFB92-0BFC-4395-BCDD-24B2EFA8698E}.Debug|Any CPU.Build.0 = Debug|Any CPU
		{202EFB92-0BFC-4395-BCDD-24B2EFA8698E}.Release|Any CPU.ActiveCfg = Release|Any CPU
		{202EFB92-0BFC-4395-BCDD-24B2EFA8698E}.Release|Any CPU.Build.0 = Release|Any CPU
	EndGlobalSection
	GlobalSection(SolutionProperties) = preSolution
		HideSolutionNode = FALSE
	EndGlobalSection
	GlobalSection(ExtensibilityGlobals) = postSolution
		SolutionGuid = {3E7C2856-D57A-4EE4-AFAC-CF5E1C8FA5DB}
	EndGlobalSection
EndGlobal
